
Microsoft Visual Studio Solution File, Format Version 12.00
# Visual Studio 14
VisualStudioVersion = 14.0.25420.1
MinimumVisualStudioVersion = 10.0.40219.1
Project("{FAE04EC0-301F-11D3-BF4B-00C04F79EFBC}") = "NetGameServer", "NetGameServer\NetGameServer.csproj", "{D934EF49-41E2-40D1-AB3F-E532D5D3C701}"
EndProject
Project("{FAE04EC0-301F-11D3-BF4B-00C04F79EFBC}") = "NetGameClient", "NetGameClient\NetGameClient.csproj", "{AA600B68-2A50-45E9-A4FF-2F940E3A11C9}"
EndProject
Project("{D954291E-2A0B-460D-934E-DC6B0785DB48}") = "NetGameShared", "NetGameShared\NetGameShared.shproj", "{C9FF9AA2-EDC9-4FA0-9D54-E54AC5D27FA7}"
EndProject
Project("{FAE04EC0-301F-11D3-BF4B-00C04F79EFBC}") = "NetGameLauncher", "NetGameLauncher\NetGameLauncher.csproj", "{ABA569AD-C971-4097-B214-6EC746A8D370}"
EndProject
Global
	GlobalSection(SharedMSBuildProjectFiles) = preSolution
		NetGameShared\NetGameShared.projitems*{aa600b68-2a50-45e9-a4ff-2f940e3a11c9}*SharedItemsImports = 4
		NetGameShared\NetGameShared.projitems*{aba569ad-c971-4097-b214-6ec746a8d370}*SharedItemsImports = 4
		NetGameShared\NetGameShared.projitems*{c9ff9aa2-edc9-4fa0-9d54-e54ac5d27fa7}*SharedItemsImports = 13
		NetGameShared\NetGameShared.projitems*{d934ef49-41e2-40d1-ab3f-e532d5d3c701}*SharedItemsImports = 4
	EndGlobalSection
	GlobalSection(SolutionConfigurationPlatforms) = preSolution
		Debug|Any CPU = Debug|Any CPU
		Release|Any CPU = Release|Any CPU
	EndGlobalSection
	GlobalSection(ProjectConfigurationPlatforms) = postSolution
		{D934EF49-41E2-40D1-AB3F-E532D5D3C701}.Debug|Any CPU.ActiveCfg = Debug|Any CPU
		{D934EF49-41E2-40D1-AB3F-E532D5D3C701}.Debug|Any CPU.Build.0 = Debug|Any CPU
		{D934EF49-41E2-40D1-AB3F-E532D5D3C701}.Release|Any CPU.ActiveCfg = Release|Any CPU
		{D934EF49-41E2-40D1-AB3F-E532D5D3C701}.Release|Any CPU.Build.0 = Release|Any CPU
		{AA600B68-2A50-45E9-A4FF-2F940E3A11C9}.Debug|Any CPU.ActiveCfg = Debug|Any CPU
		{AA600B68-2A50-45E9-A4FF-2F940E3A11C9}.Debug|Any CPU.Build.0 = Debug|Any CPU
		{AA600B68-2A50-45E9-A4FF-2F940E3A11C9}.Release|Any CPU.ActiveCfg = Release|Any CPU
		{AA600B68-2A50-45E9-A4FF-2F940E3A11C9}.Release|Any CPU.Build.0 = Release|Any CPU
		{ABA569AD-C971-4097-B214-6EC746A8D370}.Debug|Any CPU.ActiveCfg = Debug|Any CPU
		{ABA569AD-C971-4097-B214-6EC746A8D370}.Debug|Any CPU.Build.0 = Debug|Any CPU
		{ABA569AD-C971-4097-B214-6EC746A8D370}.Release|Any CPU.ActiveCfg = Release|Any CPU
		{ABA569AD-C971-4097-B214-6EC746A8D370}.Release|Any CPU.Build.0 = Release|Any CPU
	EndGlobalSection
	GlobalSection(SolutionProperties) = preSolution
		HideSolutionNode = FALSE
	EndGlobalSection
EndGlobal
